
Microsoft Visual Studio Solution File, Format Version 10.00
# Visual Studio 2008
Project("{FAE04EC0-301F-11D3-BF4B-00C04F79EFBC}") = "CS_Barcode2ControlSample1_V1", "CS_Barcode2ControlSample1_V1.csproj", "{173FB59E-CA39-44D2-A2AE-A75378D5A5F2}"
EndProject
Global
	GlobalSection(SolutionConfigurationPlatforms) = preSolution
		Debug|Any CPU = Debug|Any CPU
		Release|Any CPU = Release|Any CPU
	EndGlobalSection
	GlobalSection(ProjectConfigurationPlatforms) = postSolution
		{173FB59E-CA39-44D2-A2AE-A75378D5A5F2}.Debug|Any CPU.ActiveCfg = Debug|Any CPU
		{173FB59E-CA39-44D2-A2AE-A75378D5A5F2}.Debug|Any CPU.Build.0 = Debug|Any CPU
		{173FB59E-CA39-44D2-A2AE-A75378D5A5F2}.Debug|Any CPU.Deploy.0 = Debug|Any CPU
		{173FB59E-CA39-44D2-A2AE-A75378D5A5F2}.Release|Any CPU.ActiveCfg = Release|Any CPU
		{173FB59E-CA39-44D2-A2AE-A75378D5A5F2}.Release|Any CPU.Build.0 = Release|Any CPU
		{173FB59E-CA39-44D2-A2AE-A75378D5A5F2}.Release|Any CPU.Deploy.0 = Release|Any CPU
	EndGlobalSection
	GlobalSection(SolutionProperties) = preSolution
		HideSolutionNode = FALSE
	EndGlobalSection
EndGlobal
